
Microsoft Visual Studio Solution File, Format Version 12.00
Project("{FAE04EC0-301F-11D3-BF4B-00C04F79EFBC}") = "AnkietaPreferencji", "AnkietaPreferencji\AnkietaPreferencji.csproj", "{5282C12A-9E06-4286-8CB8-914012523F1C}"
EndProject
Global
	GlobalSection(SolutionConfigurationPlatforms) = preSolution
		Debug|Any CPU = Debug|Any CPU
		Release|Any CPU = Release|Any CPU
	EndGlobalSection
	GlobalSection(ProjectConfigurationPlatforms) = postSolution
		{5282C12A-9E06-4286-8CB8-914012523F1C}.Debug|Any CPU.ActiveCfg = Debug|Any CPU
		{5282C12A-9E06-4286-8CB8-914012523F1C}.Debug|Any CPU.Build.0 = Debug|Any CPU
		{5282C12A-9E06-4286-8CB8-914012523F1C}.Release|Any CPU.ActiveCfg = Release|Any CPU
		{5282C12A-9E06-4286-8CB8-914012523F1C}.Release|Any CPU.Build.0 = Release|Any CPU
	EndGlobalSection
EndGlobal
